# THIS IS AN AUTOGENERATED FILE. DO NOT EDIT THIS FILE DIRECTLY.
# yarn lockfile v1


"@types/minimist@^1.2.2":
  version "1.2.2"
  resolved "https://registry.npmjs.org/@types/minimist/-/minimist-1.2.2.tgz"
  integrity sha512-jhuKLIRrhvCPLqwPcx6INqmKeiA5EWrsCOPhrlFSrbrmU4ZMPjj5Ul/oLCMDO98XRUIwVm78xICz4EPCektzeQ==

"@types/node@^20.5.7":
  version "20.5.7"
  resolved "https://registry.npmjs.org/@types/node/-/node-20.5.7.tgz"
  integrity sha512-dP7f3LdZIysZnmvP3ANJYTSwg+wLLl8p7RqniVlV7j+oXSXAbt9h0WIBFmJy5inWZoX9wZN6eXx+YXd9Rh3RBA==

dayjs@^1.11.9:
  version "1.11.9"
  resolved "https://registry.npmjs.org/dayjs/-/dayjs-1.11.9.tgz"
  integrity sha512-QvzAURSbQ0pKdIye2txOzNaHmxtUBXerpY0FJsFXUMKbIZeFm5ht1LS/jFsrncjnmtv8HsG0W2g6c0zUjZWmpA==

minimist@^1.2.8:
  version "1.2.8"
  resolved "https://registry.npmjs.org/minimist/-/minimist-1.2.8.tgz"
  integrity sha512-2yyAR8qBkN3YuheJanUpWC5U3bb5osDywNB8RzDVlDwDHbocAJveqqj1u8+SVD7jkWT4yvsHCpWqqWqAxb0zCA==

node-xlsx@^0.23.0:
  version "0.23.0"
  resolved "https://registry.yarnpkg.com/node-xlsx/-/node-xlsx-0.23.0.tgz#0c4b642f9457712d68f30e1e30351d640cc37e90"
  integrity sha512-r3KaSZSsSrK92rbPXnX/vDdxURmPPik0rjJ3A+Pybzpjyrk4G6WyGfj8JIz5dMMEpCmWVpmO4qoVPBxnpLv/8Q==
  dependencies:
    xlsx "https://cdn.sheetjs.com/xlsx-0.19.3/xlsx-0.19.3.tgz"

tslib@^2.6.2:
  version "2.6.2"
  resolved "https://registry.npmjs.org/tslib/-/tslib-2.6.2.tgz"
  integrity sha512-AEYxH93jGFPn/a2iVAwW87VuUIkR1FVUKB77NwMF7nBTDkDrrT/Hpt/IrCJ0QXhW27jTBDcf5ZY7w6RiqTMw2Q==

typescript@^5.2.2:
  version "5.2.2"
  resolved "https://registry.npmjs.org/typescript/-/typescript-5.2.2.tgz"
  integrity sha512-mI4WrpHsbCIcwT9cF4FZvr80QUeKvsUsUvKDoR+X/7XHQH98xYD8YHZg7ANtz2GtZt/CBq2QJ0thkGJMHfqc1w==

"xlsx@https://cdn.sheetjs.com/xlsx-0.19.3/xlsx-0.19.3.tgz":
  version "0.19.3"
  resolved "https://cdn.sheetjs.com/xlsx-0.19.3/xlsx-0.19.3.tgz#f804c1850e2da5260165db0a059dc2a6099d55f3"
